
Microsoft Visual Studio Solution File, Format Version 12.00
# Visual Studio Version 16
VisualStudioVersion = 16.0.31624.102
MinimumVisualStudioVersion = 10.0.40219.1
Project("{FAE04EC0-301F-11D3-BF4B-00C04F79EFBC}") = "StringEnum", "StringEnum\StringEnum.csproj", "{70AE2CFB-782D-4851-8C63-73D15013184A}"
EndProject
Project("{FAE04EC0-301F-11D3-BF4B-00C04F79EFBC}") = "Tests", "Tests\Tests.csproj", "{14614E7B-7417-4A10-B10F-5DE6E620E834}"
EndProject
Global
	GlobalSection(SolutionConfigurationPlatforms) = preSolution
		Debug|Any CPU = Debug|Any CPU
		Release|Any CPU = Release|Any CPU
	EndGlobalSection
	GlobalSection(ProjectConfigurationPlatforms) = postSolution
		{70AE2CFB-782D-4851-8C63-73D15013184A}.Debug|Any CPU.ActiveCfg = Debug|Any CPU
		{70AE2CFB-782D-4851-8C63-73D15013184A}.Debug|Any CPU.Build.0 = Debug|Any CPU
		{70AE2CFB-782D-4851-8C63-73D15013184A}.Release|Any CPU.ActiveCfg = Release|Any CPU
		{70AE2CFB-782D-4851-8C63-73D15013184A}.Release|Any CPU.Build.0 = Release|Any CPU
		{14614E7B-7417-4A10-B10F-5DE6E620E834}.Debug|Any CPU.ActiveCfg = Debug|Any CPU
		{14614E7B-7417-4A10-B10F-5DE6E620E834}.Debug|Any CPU.Build.0 = Debug|Any CPU
		{14614E7B-7417-4A10-B10F-5DE6E620E834}.Release|Any CPU.ActiveCfg = Release|Any CPU
		{14614E7B-7417-4A10-B10F-5DE6E620E834}.Release|Any CPU.Build.0 = Release|Any CPU
	EndGlobalSection
	GlobalSection(SolutionProperties) = preSolution
		HideSolutionNode = FALSE
	EndGlobalSection
	GlobalSection(ExtensibilityGlobals) = postSolution
		SolutionGuid = {598A3568-098C-4487-B505-298C4C248F5D}
	EndGlobalSection
EndGlobal
